
Microsoft Visual Studio Solution File, Format Version 12.00
# Visual Studio Version 17
VisualStudioVersion = 17.11.35222.181
MinimumVisualStudioVersion = 10.0.40219.1
Project("{FAE04EC0-301F-11D3-BF4B-00C04F79EFBC}") = "bai4", "bai4\bai4.csproj", "{6FC7FC5F-8F4F-473C-B1FB-B12E8C4349F3}"
EndProject
Global
	GlobalSection(SolutionConfigurationPlatforms) = preSolution
		Debug|Any CPU = Debug|Any CPU
		Release|Any CPU = Release|Any CPU
	EndGlobalSection
	GlobalSection(ProjectConfigurationPlatforms) = postSolution
		{6FC7FC5F-8F4F-473C-B1FB-B12E8C4349F3}.Debug|Any CPU.ActiveCfg = Debug|Any CPU
		{6FC7FC5F-8F4F-473C-B1FB-B12E8C4349F3}.Debug|Any CPU.Build.0 = Debug|Any CPU
		{6FC7FC5F-8F4F-473C-B1FB-B12E8C4349F3}.Release|Any CPU.ActiveCfg = Release|Any CPU
		{6FC7FC5F-8F4F-473C-B1FB-B12E8C4349F3}.Release|Any CPU.Build.0 = Release|Any CPU
	EndGlobalSection
	GlobalSection(SolutionProperties) = preSolution
		HideSolutionNode = FALSE
	EndGlobalSection
	GlobalSection(ExtensibilityGlobals) = postSolution
		SolutionGuid = {5AEC7D49-B7F3-4AE5-9EA6-511620E75BA4}
	EndGlobalSection
EndGlobal
